
Microsoft Visual Studio Solution File, Format Version 12.00
# Visual Studio Version 17
VisualStudioVersion = 17.0.31903.59
MinimumVisualStudioVersion = 10.0.40219.1
Project("{FAE04EC0-301F-11D3-BF4B-00C04F79EFBC}") = "API", "API\API.csproj", "{000CE8CB-D265-4633-BBF2-F894FE653874}"
EndProject
Project("{FAE04EC0-301F-11D3-BF4B-00C04F79EFBC}") = "Core", "Core\Core.csproj", "{E3DEF977-053C-4A28-A32B-6575ABB780BA}"
EndProject
Project("{FAE04EC0-301F-11D3-BF4B-00C04F79EFBC}") = "Infrastructure", "Infrastructure\Infrastructure.csproj", "{05A280B6-577D-4A04-BD53-C74B10B86650}"
EndProject
Global
	GlobalSection(SolutionConfigurationPlatforms) = preSolution
		Debug|Any CPU = Debug|Any CPU
		Release|Any CPU = Release|Any CPU
	EndGlobalSection
	GlobalSection(SolutionProperties) = preSolution
		HideSolutionNode = FALSE
	EndGlobalSection
	GlobalSection(ProjectConfigurationPlatforms) = postSolution
		{000CE8CB-D265-4633-BBF2-F894FE653874}.Debug|Any CPU.ActiveCfg = Debug|Any CPU
		{000CE8CB-D265-4633-BBF2-F894FE653874}.Debug|Any CPU.Build.0 = Debug|Any CPU
		{000CE8CB-D265-4633-BBF2-F894FE653874}.Release|Any CPU.ActiveCfg = Release|Any CPU
		{000CE8CB-D265-4633-BBF2-F894FE653874}.Release|Any CPU.Build.0 = Release|Any CPU
		{E3DEF977-053C-4A28-A32B-6575ABB780BA}.Debug|Any CPU.ActiveCfg = Debug|Any CPU
		{E3DEF977-053C-4A28-A32B-6575ABB780BA}.Debug|Any CPU.Build.0 = Debug|Any CPU
		{E3DEF977-053C-4A28-A32B-6575ABB780BA}.Release|Any CPU.ActiveCfg = Release|Any CPU
		{E3DEF977-053C-4A28-A32B-6575ABB780BA}.Release|Any CPU.Build.0 = Release|Any CPU
		{05A280B6-577D-4A04-BD53-C74B10B86650}.Debug|Any CPU.ActiveCfg = Debug|Any CPU
		{05A280B6-577D-4A04-BD53-C74B10B86650}.Debug|Any CPU.Build.0 = Debug|Any CPU
		{05A280B6-577D-4A04-BD53-C74B10B86650}.Release|Any CPU.ActiveCfg = Release|Any CPU
		{05A280B6-577D-4A04-BD53-C74B10B86650}.Release|Any CPU.Build.0 = Release|Any CPU
	EndGlobalSection
EndGlobal
